{
  "name": "codex-ops",
  "version": "0.1.2",
  "lockfileVersion": 3,
  "requires": true,
  "packages": {
    "": {
      "name": "codex-ops",
      "version": "0.1.2",
      "license": "MIT",
      "bin": {
        "codex-ops": "bin/codex-ops.js"
      },
      "engines": {
        "node": ">=20.12.0"
      },
      "optionalDependencies": {
        "codex-ops-linux-arm64-bin": "0.1.2",
        "codex-ops-linux-x64-bin": "0.1.2",
        "codex-ops-macos-arm64-bin": "0.1.2",
        "codex-ops-macos-x64-bin": "0.1.2",
        "codex-ops-windows-x64-bin": "0.1.2"
      }
    },
    "node_modules/codex-ops-linux-arm64-bin": {
      "optional": true
    },
    "node_modules/codex-ops-linux-x64-bin": {
      "optional": true
    },
    "node_modules/codex-ops-macos-arm64-bin": {
      "optional": true
    },
    "node_modules/codex-ops-macos-x64-bin": {
      "optional": true
    },
    "node_modules/codex-ops-windows-x64-bin": {
      "optional": true
    }
  }
}
