{
  "name": "codex-ops",
  "version": "0.1.0",
  "lockfileVersion": 3,
  "requires": true,
  "packages": {
    "": {
      "name": "codex-ops",
      "version": "0.1.0",
      "license": "MIT",
      "bin": {
        "codex-ops": "bin/codex-ops.js"
      },
      "engines": {
        "node": ">=20.12.0"
      },
      "optionalDependencies": {
        "codex-ops-darwin-arm64": "0.1.0",
        "codex-ops-darwin-x64": "0.1.0",
        "codex-ops-linux-arm64-gnu": "0.1.0",
        "codex-ops-linux-x64-gnu": "0.1.0",
        "codex-ops-win32-x64-msvc": "0.1.0"
      }
    },
    "node_modules/codex-ops-darwin-arm64": {
      "optional": true
    },
    "node_modules/codex-ops-darwin-x64": {
      "optional": true
    },
    "node_modules/codex-ops-linux-arm64-gnu": {
      "optional": true
    },
    "node_modules/codex-ops-linux-x64-gnu": {
      "optional": true
    },
    "node_modules/codex-ops-win32-x64-msvc": {
      "optional": true
    }
  }
}
